// !$*UTF8*$!
{
	archiveVersion = 1;
	classes = {
	};
	objectVersion = 56;
	objects = {

/* Begin PBXBuildFile section */
		CDB5502A2B6AB53000B2D688 /* AppDelegate.swift in Sources */ = {isa = PBXBuildFile; fileRef = CDB550292B6AB53000B2D688 /* AppDelegate.swift */; };
		CDB5502C2B6AB53000B2D688 /* SceneDelegate.swift in Sources */ = {isa = PBXBuildFile; fileRef = CDB5502B2B6AB53000B2D688 /* SceneDelegate.swift */; };
		CDB5502E2B6AB53000B2D688 /* ViewController.swift in Sources */ = {isa = PBXBuildFile; fileRef = CDB5502D2B6AB53000B2D688 /* ViewController.swift */; };
		CDB550312B6AB53000B2D688 /* Main.storyboard in Resources */ = {isa = PBXBuildFile; fileRef = CDB5502F2B6AB53000B2D688 /* Main.storyboard */; };
		CDB550332B6AB53100B2D688 /* Assets.xcassets in Resources */ = {isa = PBXBuildFile; fileRef = CDB550322B6AB53100B2D688 /* Assets.xcassets */; };
		CDB550362B6AB53100B2D688 /* LaunchScreen.storyboard in Resources */ = {isa = PBXBuildFile; fileRef = CDB550342B6AB53100B2D688 /* LaunchScreen.storyboard */; };
		CDB550412B6AB53100B2D688 /* NewsShareAppTests.swift in Sources */ = {isa = PBXBuildFile; fileRef = CDB550402B6AB53100B2D688 /* NewsShareAppTests.swift */; };
		CDB5504B2B6AB53100B2D688 /* NewsShareAppUITests.swift in Sources */ = {isa = PBXBuildFile; fileRef = CDB5504A2B6AB53100B2D688 /* NewsShareAppUITests.swift */; };
		CDB5504D2B6AB53100B2D688 /* NewsShareAppUITestsLaunchTests.swift in Sources */ = {isa = PBXBuildFile; fileRef = CDB5504C2B6AB53100B2D688 /* NewsShareAppUITestsLaunchTests.swift */; };
/* End PBXBuildFile section */

/* Begin PBXContainerItemProxy section */
		CDB5503D2B6AB53100B2D688 /* PBXContainerItemProxy */ = {
			isa = PBXContainerItemProxy;
			containerPortal = CDB5501E2B6AB53000B2D688 /* Project object */;
			proxyType = 1;
			remoteGlobalIDString = CDB550252B6AB53000B2D688;
			remoteInfo = NewsShareApp;
		};
		CDB550472B6AB53100B2D688 /* PBXContainerItemProxy */ = {
			isa = PBXContainerItemProxy;
			containerPortal = CDB5501E2B6AB53000B2D688 /* Project object */;
			proxyType = 1;
			remoteGlobalIDString = CDB550252B6AB53000B2D688;
			remoteInfo = NewsShareApp;
		};
/* End PBXContainerItemProxy section */

/* Begin PBXFileReference section */
		CDB550262B6AB53000B2D688 /* NewsShareApp.app */ = {isa = PBXFileReference; explicitFileType = wrapper.application; includeInIndex = 0; path = NewsShareApp.app; sourceTree = BUILT_PRODUCTS_DIR; };
		CDB550292B6AB53000B2D688 /* AppDelegate.swift */ = {isa = PBXFileReference; lastKnownFileType = sourcecode.swift; path = AppDelegate.swift; sourceTree = "<group>"; };
		CDB5502B2B6AB53000B2D688 /* SceneDelegate.swift */ = {isa = PBXFileReference; lastKnownFileType = sourcecode.swift; path = SceneDelegate.swift; sourceTree = "<group>"; };
		CDB5502D2B6AB53000B2D688 /* ViewController.swift */ = {isa = PBXFileReference; lastKnownFileType = sourcecode.swift; path = ViewController.swift; sourceTree = "<group>"; };
		CDB550302B6AB53000B2D688 /* Base */ = {isa = PBXFileReference; lastKnownFileType = file.storyboard; name = Base; path = Base.lproj/Main.storyboard; sourceTree = "<group>"; };
		CDB550322B6AB53100B2D688 /* Assets.xcassets */ = {isa = PBXFileReference; lastKnownFileType = folder.assetcatalog; path = Assets.xcassets; sourceTree = "<group>"; };
		CDB550352B6AB53100B2D688 /* Base */ = {isa = PBXFileReference; lastKnownFileType = file.storyboard; name = Base; path = Base.lproj/LaunchScreen.storyboard; sourceTree = "<group>"; };
		CDB550372B6AB53100B2D688 /* Info.plist */ = {isa = PBXFileReference; lastKnownFileType = text.plist.xml; path = Info.plist; sourceTree = "<group>"; };
		CDB5503C2B6AB53100B2D688 /* NewsShareAppTests.xctest */ = {isa = PBXFileReference; explicitFileType = wrapper.cfbundle; includeInIndex = 0; path = NewsShareAppTests.xctest; sourceTree = BUILT_PRODUCTS_DIR; };
		CDB550402B6AB53100B2D688 /* NewsShareAppTests.swift */ = {isa = PBXFileReference; lastKnownFileType = sourcecode.swift; path = NewsShareAppTests.swift; sourceTree = "<group>"; };
		CDB550462B6AB53100B2D688 /* NewsShareAppUITests.xctest */ = {isa = PBXFileReference; explicitFileType = wrapper.cfbundle; includeInIndex = 0; path = NewsShareAppUITests.xctest; sourceTree = BUILT_PRODUCTS_DIR; };
		CDB5504A2B6AB53100B2D688 /* NewsShareAppUITests.swift */ = {isa = PBXFileReference; lastKnownFileType = sourcecode.swift; path = NewsShareAppUITests.swift; sourceTree = "<group>"; };
		CDB5504C2B6AB53100B2D688 /* NewsShareAppUITestsLaunchTests.swift */ = {isa = PBXFileReference; lastKnownFileType = sourcecode.swift; path = NewsShareAppUITestsLaunchTests.swift; sourceTree = "<group>"; };
/* End PBXFileReference section */

/* Begin PBXFrameworksBuildPhase section */
		CDB550232B6AB53000B2D688 /* Frameworks */ = {
			isa = PBXFrameworksBuildPhase;
			buildActionMask = 2147483647;
			files = (
			);
			runOnlyForDeploymentPostprocessing = 0;
		};
		CDB550392B6AB53100B2D688 /* Frameworks */ = {
			isa = PBXFrameworksBuildPhase;
			buildActionMask = 2147483647;
			files = (
			);
			runOnlyForDeploymentPostprocessing = 0;
		};
		CDB550432B6AB53100B2D688 /* Frameworks */ = {
			isa = PBXFrameworksBuildPhase;
			buildActionMask = 2147483647;
			files = (
			);
			runOnlyForDeploymentPostprocessing = 0;
		};
/* End PBXFrameworksBuildPhase section */

/* Begin PBXGroup section */
		CDB5501D2B6AB53000B2D688 = {
			isa = PBXGroup;
			children = (
				CDB550282B6AB53000B2D688 /* NewsShareApp */,
				CDB5503F2B6AB53100B2D688 /* NewsShareAppTests */,
				CDB550492B6AB53100B2D688 /* NewsShareAppUITests */,
				CDB550272B6AB53000B2D688 /* Products */,
			);
			sourceTree = "<group>";
		};
		CDB550272B6AB53000B2D688 /* Products */ = {
			isa = PBXGroup;
			children = (
				CDB550262B6AB53000B2D688 /* NewsShareApp.app */,
				CDB5503C2B6AB53100B2D688 /* NewsShareAppTests.xctest */,
				CDB550462B6AB53100B2D688 /* NewsShareAppUITests.xctest */,
			);
			name = Products;
			sourceTree = "<group>";
		};
		CDB550282B6AB53000B2D688 /* NewsShareApp */ = {
			isa = PBXGroup;
			children = (
				CDB550292B6AB53000B2D688 /* AppDelegate.swift */,
				CDB5502B2B6AB53000B2D688 /* SceneDelegate.swift */,
				CDB5502D2B6AB53000B2D688 /* ViewController.swift */,
				CDB5502F2B6AB53000B2D688 /* Main.storyboard */,
				CDB550322B6AB53100B2D688 /* Assets.xcassets */,
				CDB550342B6AB53100B2D688 /* LaunchScreen.storyboard */,
				CDB550372B6AB53100B2D688 /* Info.plist */,
			);
			path = NewsShareApp;
			sourceTree = "<group>";
		};
		CDB5503F2B6AB53100B2D688 /* NewsShareAppTests */ = {
			isa = PBXGroup;
			children = (
				CDB550402B6AB53100B2D688 /* NewsShareAppTests.swift */,
			);
			path = NewsShareAppTests;
			sourceTree = "<group>";
		};
		CDB550492B6AB53100B2D688 /* NewsShareAppUITests */ = {
			isa = PBXGroup;
			children = (
				CDB5504A2B6AB53100B2D688 /* NewsShareAppUITests.swift */,
				CDB5504C2B6AB53100B2D688 /* NewsShareAppUITestsLaunchTests.swift */,
			);
			path = NewsShareAppUITests;
			sourceTree = "<group>";
		};
/* End PBXGroup section */

/* Begin PBXNativeTarget section */
		CDB550252B6AB53000B2D688 /* NewsShareApp */ = {
			isa = PBXNativeTarget;
			buildConfigurationList = CDB550502B6AB53100B2D688 /* Build configuration list for PBXNativeTarget "NewsShareApp" */;
			buildPhases = (
				CDB550222B6AB53000B2D688 /* Sources */,
				CDB550232B6AB53000B2D688 /* Frameworks */,
				CDB550242B6AB53000B2D688 /* Resources */,
			);
			buildRules = (
			);
			dependencies = (
			);
			name = NewsShareApp;
			productName = NewsShareApp;
			productReference = CDB550262B6AB53000B2D688 /* NewsShareApp.app */;
			productType = "com.apple.product-type.application";
		};
		CDB5503B2B6AB53100B2D688 /* NewsShareAppTests */ = {
			isa = PBXNativeTarget;
			buildConfigurationList = CDB550532B6AB53100B2D688 /* Build configuration list for PBXNativeTarget "NewsShareAppTests" */;
			buildPhases = (
				CDB550382B6AB53100B2D688 /* Sources */,
				CDB550392B6AB53100B2D688 /* Frameworks */,
				CDB5503A2B6AB53100B2D688 /* Resources */,
			);
			buildRules = (
			);
			dependencies = (
				CDB5503E2B6AB53100B2D688 /* PBXTargetDependency */,
			);
			name = NewsShareAppTests;
			productName = NewsShareAppTests;
			productReference = CDB5503C2B6AB53100B2D688 /* NewsShareAppTests.xctest */;
			productType = "com.apple.product-type.bundle.unit-test";
		};
		CDB550452B6AB53100B2D688 /* NewsShareAppUITests */ = {
			isa = PBXNativeTarget;
			buildConfigurationList = CDB550562B6AB53100B2D688 /* Build configuration list for PBXNativeTarget "NewsShareAppUITests" */;
			buildPhases = (
				CDB550422B6AB53100B2D688 /* Sources */,
				CDB550432B6AB53100B2D688 /* Frameworks */,
				CDB550442B6AB53100B2D688 /* Resources */,
			);
			buildRules = (
			);
			dependencies = (
				CDB550482B6AB53100B2D688 /* PBXTargetDependency */,
			);
			name = NewsShareAppUITests;
			productName = NewsShareAppUITests;
			productReference = CDB550462B6AB53100B2D688 /* NewsShareAppUITests.xctest */;
			productType = "com.apple.product-type.bundle.ui-testing";
		};
/* End PBXNativeTarget section */

/* Begin PBXProject section */
		CDB5501E2B6AB53000B2D688 /* Project object */ = {
			isa = PBXProject;
			attributes = {
				BuildIndependentTargetsInParallel = 1;
				LastSwiftUpdateCheck = 1500;
				LastUpgradeCheck = 1500;
				TargetAttributes = {
					CDB550252B6AB53000B2D688 = {
						CreatedOnToolsVersion = 15.0.1;
					};
					CDB5503B2B6AB53100B2D688 = {
						CreatedOnToolsVersion = 15.0.1;
						TestTargetID = CDB550252B6AB53000B2D688;
					};
					CDB550452B6AB53100B2D688 = {
						CreatedOnToolsVersion = 15.0.1;
						TestTargetID = CDB550252B6AB53000B2D688;
					};
				};
			};
			buildConfigurationList = CDB550212B6AB53000B2D688 /* Build configuration list for PBXProject "NewsShareApp" */;
			compatibilityVersion = "Xcode 14.0";
			developmentRegion = en;
			hasScannedForEncodings = 0;
			knownRegions = (
				en,
				Base,
			);
			mainGroup = CDB5501D2B6AB53000B2D688;
			productRefGroup = CDB550272B6AB53000B2D688 /* Products */;
			projectDirPath = "";
			projectRoot = "";
			targets = (
				CDB550252B6AB53000B2D688 /* NewsShareApp */,
				CDB5503B2B6AB53100B2D688 /* NewsShareAppTests */,
				CDB550452B6AB53100B2D688 /* NewsShareAppUITests */,
			);
		};
/* End PBXProject section */

/* Begin PBXResourcesBuildPhase section */
		CDB550242B6AB53000B2D688 /* Resources */ = {
			isa = PBXResourcesBuildPhase;
			buildActionMask = 2147483647;
			files = (
				CDB550362B6AB53100B2D688 /* LaunchScreen.storyboard in Resources */,
				CDB550332B6AB53100B2D688 /* Assets.xcassets in Resources */,
				CDB550312B6AB53000B2D688 /* Main.storyboard in Resources */,
			);
			runOnlyForDeploymentPostprocessing = 0;
		};
		CDB5503A2B6AB53100B2D688 /* Resources */ = {
			isa = PBXResourcesBuildPhase;
			buildActionMask = 2147483647;
			files = (
			);
			runOnlyForDeploymentPostprocessing = 0;
		};
		CDB550442B6AB53100B2D688 /* Resources */ = {
			isa = PBXResourcesBuildPhase;
			buildActionMask = 2147483647;
			files = (
			);
			runOnlyForDeploymentPostprocessing = 0;
		};
/* End PBXResourcesBuildPhase section */

/* Begin PBXSourcesBuildPhase section */
		CDB550222B6AB53000B2D688 /* Sources */ = {
			isa = PBXSourcesBuildPhase;
			buildActionMask = 2147483647;
			files = (
				CDB5502E2B6AB53000B2D688 /* ViewController.swift in Sources */,
				CDB5502A2B6AB53000B2D688 /* AppDelegate.swift in Sources */,
				CDB5502C2B6AB53000B2D688 /* SceneDelegate.swift in Sources */,
			);
			runOnlyForDeploymentPostprocessing = 0;
		};
		CDB550382B6AB53100B2D688 /* Sources */ = {
			isa = PBXSourcesBuildPhase;
			buildActionMask = 2147483647;
			files = (
				CDB550412B6AB53100B2D688 /* NewsShareAppTests.swift in Sources */,
			);
			runOnlyForDeploymentPostprocessing = 0;
		};
		CDB550422B6AB53100B2D688 /* Sources */ = {
			isa = PBXSourcesBuildPhase;
			buildActionMask = 2147483647;
			files = (
				CDB5504B2B6AB53100B2D688 /* NewsShareAppUITests.swift in Sources */,
				CDB5504D2B6AB53100B2D688 /* NewsShareAppUITestsLaunchTests.swift in Sources */,
			);
			runOnlyForDeploymentPostprocessing = 0;
		};
/* End PBXSourcesBuildPhase section */

/* Begin PBXTargetDependency section */
		CDB5503E2B6AB53100B2D688 /* PBXTargetDependency */ = {
			isa = PBXTargetDependency;
			target = CDB550252B6AB53000B2D688 /* NewsShareApp */;
			targetProxy = CDB5503D2B6AB53100B2D688 /* PBXContainerItemProxy */;
		};
		CDB550482B6AB53100B2D688 /* PBXTargetDependency */ = {
			isa = PBXTargetDependency;
			target = CDB550252B6AB53000B2D688 /* NewsShareApp */;
			targetProxy = CDB550472B6AB53100B2D688 /* PBXContainerItemProxy */;
		};
/* End PBXTargetDependency section */

/* Begin PBXVariantGroup section */
		CDB5502F2B6AB53000B2D688 /* Main.storyboard */ = {
			isa = PBXVariantGroup;
			children = (
				CDB550302B6AB53000B2D688 /* Base */,
			);
			name = Main.storyboard;
			sourceTree = "<group>";
		};
		CDB550342B6AB53100B2D688 /* LaunchScreen.storyboard */ = {
			isa = PBXVariantGroup;
			children = (
				CDB550352B6AB53100B2D688 /* Base */,
			);
			name = LaunchScreen.storyboard;
			sourceTree = "<group>";
		};
/* End PBXVariantGroup section */

/* Begin XCBuildConfiguration section */
		CDB5504E2B6AB53100B2D688 /* Debug */ = {
			isa = XCBuildConfiguration;
			buildSettings = {
				ALWAYS_SEARCH_USER_PATHS = NO;
				ASSETCATALOG_COMPILER_GENERATE_SWIFT_ASSET_SYMBOL_EXTENSIONS = YES;
				CLANG_ANALYZER_NONNULL = YES;
				CLANG_ANALYZER_NUMBER_OBJECT_CONVERSION = YES_AGGRESSIVE;
				CLANG_CXX_LANGUAGE_STANDARD = "gnu++20";
				CLANG_ENABLE_MODULES = YES;
				CLANG_ENABLE_OBJC_ARC = YES;
				CLANG_ENABLE_OBJC_WEAK = YES;
				CLANG_WARN_BLOCK_CAPTURE_AUTORELEASING = YES;
				CLANG_WARN_BOOL_CONVERSION = YES;
				CLANG_WARN_COMMA = YES;
				CLANG_WARN_CONSTANT_CONVERSION = YES;
				CLANG_WARN_DEPRECATED_OBJC_IMPLEMENTATIONS = YES;
				CLANG_WARN_DIRECT_OBJC_ISA_USAGE = YES_ERROR;
				CLANG_WARN_DOCUMENTATION_COMMENTS = YES;
				CLANG_WARN_EMPTY_BODY = YES;
				CLANG_WARN_ENUM_CONVERSION = YES;
				CLANG_WARN_INFINITE_RECURSION = YES;
				CLANG_WARN_INT_CONVERSION = YES;
				CLANG_WARN_NON_LITERAL_NULL_CONVERSION = YES;
				CLANG_WARN_OBJC_IMPLICIT_RETAIN_SELF = YES;
				CLANG_WARN_OBJC_LITERAL_CONVERSION = YES;
				CLANG_WARN_OBJC_ROOT_CLASS = YES_ERROR;
				CLANG_WARN_QUOTED_INCLUDE_IN_FRAMEWORK_HEADER = YES;
				CLANG_WARN_RANGE_LOOP_ANALYSIS = YES;
				CLANG_WARN_STRICT_PROTOTYPES = YES;
				CLANG_WARN_SUSPICIOUS_MOVE = YES;
				CLANG_WARN_UNGUARDED_AVAILABILITY = YES_AGGRESSIVE;
				CLANG_WARN_UNREACHABLE_CODE = YES;
				CLANG_WARN__DUPLICATE_METHOD_MATCH = YES;
				COPY_PHASE_STRIP = NO;
				DEBUG_INFORMATION_FORMAT = dwarf;
				ENABLE_STRICT_OBJC_MSGSEND = YES;
				ENABLE_TESTABILITY = YES;
				ENABLE_USER_SCRIPT_SANDBOXING = YES;
				GCC_C_LANGUAGE_STANDARD = gnu17;
				GCC_DYNAMIC_NO_PIC = NO;
				GCC_NO_COMMON_BLOCKS = YES;
				GCC_OPTIMIZATION_LEVEL = 0;
				GCC_PREPROCESSOR_DEFINITIONS = (
					"DEBUG=1",
					"$(inherited)",
				);
				GCC_WARN_64_TO_32_BIT_CONVERSION = YES;
				GCC_WARN_ABOUT_RETURN_TYPE = YES_ERROR;
				GCC_WARN_UNDECLARED_SELECTOR = YES;
				GCC_WARN_UNINITIALIZED_AUTOS = YES_AGGRESSIVE;
				GCC_WARN_UNUSED_FUNCTION = YES;
				GCC_WARN_UNUSED_VARIABLE = YES;
				IPHONEOS_DEPLOYMENT_TARGET = 17.0;
				LOCALIZATION_PREFERS_STRING_CATALOGS = YES;
				MTL_ENABLE_DEBUG_INFO = INCLUDE_SOURCE;
				MTL_FAST_MATH = YES;
				ONLY_ACTIVE_ARCH = YES;
				SDKROOT = iphoneos;
				SWIFT_ACTIVE_COMPILATION_CONDITIONS = "DEBUG $(inherited)";
				SWIFT_OPTIMIZATION_LEVEL = "-Onone";
			};
			name = Debug;
		};
		CDB5504F2B6AB53100B2D688 /* Release */ = {
			isa = XCBuildConfiguration;
			buildSettings = {
				ALWAYS_SEARCH_USER_PATHS = NO;
				ASSETCATALOG_COMPILER_GENERATE_SWIFT_ASSET_SYMBOL_EXTENSIONS = YES;
				CLANG_ANALYZER_NONNULL = YES;
				CLANG_ANALYZER_NUMBER_OBJECT_CONVERSION = YES_AGGRESSIVE;
				CLANG_CXX_LANGUAGE_STANDARD = "gnu++20";
				CLANG_ENABLE_MODULES = YES;
				CLANG_ENABLE_OBJC_ARC = YES;
				CLANG_ENABLE_OBJC_WEAK = YES;
				CLANG_WARN_BLOCK_CAPTURE_AUTORELEASING = YES;
				CLANG_WARN_BOOL_CONVERSION = YES;
				CLANG_WARN_COMMA = YES;
				CLANG_WARN_CONSTANT_CONVERSION = YES;
				CLANG_WARN_DEPRECATED_OBJC_IMPLEMENTATIONS = YES;
				CLANG_WARN_DIRECT_OBJC_ISA_USAGE = YES_ERROR;
				CLANG_WARN_DOCUMENTATION_COMMENTS = YES;
				CLANG_WARN_EMPTY_BODY = YES;
				CLANG_WARN_ENUM_CONVERSION = YES;
				CLANG_WARN_INFINITE_RECURSION = YES;
				CLANG_WARN_INT_CONVERSION = YES;
				CLANG_WARN_NON_LITERAL_NULL_CONVERSION = YES;
				CLANG_WARN_OBJC_IMPLICIT_RETAIN_SELF = YES;
				CLANG_WARN_OBJC_LITERAL_CONVERSION = YES;
				CLANG_WARN_OBJC_ROOT_CLASS = YES_ERROR;
				CLANG_WARN_QUOTED_INCLUDE_IN_FRAMEWORK_HEADER = YES;
				CLANG_WARN_RANGE_LOOP_ANALYSIS = YES;
				CLANG_WARN_STRICT_PROTOTYPES = YES;
				CLANG_WARN_SUSPICIOUS_MOVE = YES;
				CLANG_WARN_UNGUARDED_AVAILABILITY = YES_AGGRESSIVE;
				CLANG_WARN_UNREACHABLE_CODE = YES;
				CLANG_WARN__DUPLICATE_METHOD_MATCH = YES;
				COPY_PHASE_STRIP = NO;
				DEBUG_INFORMATION_FORMAT = "dwarf-with-dsym";
				ENABLE_NS_ASSERTIONS = NO;
				ENABLE_STRICT_OBJC_MSGSEND = YES;
				ENABLE_USER_SCRIPT_SANDBOXING = YES;
				GCC_C_LANGUAGE_STANDARD = gnu17;
				GCC_NO_COMMON_BLOCKS = YES;
				GCC_WARN_64_TO_32_BIT_CONVERSION = YES;
				GCC_WARN_ABOUT_RETURN_TYPE = YES_ERROR;
				GCC_WARN_UNDECLARED_SELECTOR = YES;
				GCC_WARN_UNINITIALIZED_AUTOS = YES_AGGRESSIVE;
				GCC_WARN_UNUSED_FUNCTION = YES;
				GCC_WARN_UNUSED_VARIABLE = YES;
				IPHONEOS_DEPLOYMENT_TARGET = 17.0;
				LOCALIZATION_PREFERS_STRING_CATALOGS = YES;
				MTL_ENABLE_DEBUG_INFO = NO;
				MTL_FAST_MATH = YES;
				SDKROOT = iphoneos;
				SWIFT_COMPILATION_MODE = wholemodule;
				VALIDATE_PRODUCT = YES;
			};
			name = Release;
		};
		CDB550512B6AB53100B2D688 /* Debug */ = {
			isa = XCBuildConfiguration;
			buildSettings = {
				ASSETCATALOG_COMPILER_APPICON_NAME = AppIcon;
				ASSETCATALOG_COMPILER_GLOBAL_ACCENT_COLOR_NAME = AccentColor;
				CODE_SIGN_STYLE = Automatic;
				CURRENT_PROJECT_VERSION = 1;
				DEVELOPMENT_TEAM = JZ74XGGJ4P;
				GENERATE_INFOPLIST_FILE = YES;
				INFOPLIST_FILE = NewsShareApp/Info.plist;
				INFOPLIST_KEY_UIApplicationSupportsIndirectInputEvents = YES;
				INFOPLIST_KEY_UILaunchStoryboardName = LaunchScreen;
				INFOPLIST_KEY_UIMainStoryboardFile = Main;
				INFOPLIST_KEY_UISupportedInterfaceOrientations_iPad = "UIInterfaceOrientationPortrait UIInterfaceOrientationPortraitUpsideDown UIInterfaceOrientationLandscapeLeft UIInterfaceOrientationLandscapeRight";
				INFOPLIST_KEY_UISupportedInterfaceOrientations_iPhone = "UIInterfaceOrientationPortrait UIInterfaceOrientationLandscapeLeft UIInterfaceOrientationLandscapeRight";
				LD_RUNPATH_SEARCH_PATHS = (
					"$(inherited)",
					"@executable_path/Frameworks",
				);
				MARKETING_VERSION = 1.0;
				PRODUCT_BUNDLE_IDENTIFIER = com.osmncn.NewsShareApp;
				PRODUCT_NAME = "$(TARGET_NAME)";
				SWIFT_EMIT_LOC_STRINGS = YES;
				SWIFT_VERSION = 5.0;
				TARGETED_DEVICE_FAMILY = "1,2";
			};
			name = Debug;
		};
		CDB550522B6AB53100B2D688 /* Release */ = {
			isa = XCBuildConfiguration;
			buildSettings = {
				ASSETCATALOG_COMPILER_APPICON_NAME = AppIcon;
				ASSETCATALOG_COMPILER_GLOBAL_ACCENT_COLOR_NAME = AccentColor;
				CODE_SIGN_STYLE = Automatic;
				CURRENT_PROJECT_VERSION = 1;
				DEVELOPMENT_TEAM = JZ74XGGJ4P;
				GENERATE_INFOPLIST_FILE = YES;
				INFOPLIST_FILE = NewsShareApp/Info.plist;
				INFOPLIST_KEY_UIApplicationSupportsIndirectInputEvents = YES;
				INFOPLIST_KEY_UILaunchStoryboardName = LaunchScreen;
				INFOPLIST_KEY_UIMainStoryboardFile = Main;
				INFOPLIST_KEY_UISupportedInterfaceOrientations_iPad = "UIInterfaceOrientationPortrait UIInterfaceOrientationPortraitUpsideDown UIInterfaceOrientationLandscapeLeft UIInterfaceOrientationLandscapeRight";
				INFOPLIST_KEY_UISupportedInterfaceOrientations_iPhone = "UIInterfaceOrientationPortrait UIInterfaceOrientationLandscapeLeft UIInterfaceOrientationLandscapeRight";
				LD_RUNPATH_SEARCH_PATHS = (
					"$(inherited)",
					"@executable_path/Frameworks",
				);
				MARKETING_VERSION = 1.0;
				PRODUCT_BUNDLE_IDENTIFIER = com.osmncn.NewsShareApp;
				PRODUCT_NAME = "$(TARGET_NAME)";
				SWIFT_EMIT_LOC_STRINGS = YES;
				SWIFT_VERSION = 5.0;
				TARGETED_DEVICE_FAMILY = "1,2";
			};
			name = Release;
		};
		CDB550542B6AB53100B2D688 /* Debug */ = {
			isa = XCBuildConfiguration;
			buildSettings = {
				ALWAYS_EMBED_SWIFT_STANDARD_LIBRARIES = YES;
				BUNDLE_LOADER = "$(TEST_HOST)";
				CODE_SIGN_STYLE = Automatic;
				CURRENT_PROJECT_VERSION = 1;
				DEVELOPMENT_TEAM = JZ74XGGJ4P;
				GENERATE_INFOPLIST_FILE = YES;
				IPHONEOS_DEPLOYMENT_TARGET = 17.0;
				MARKETING_VERSION = 1.0;
				PRODUCT_BUNDLE_IDENTIFIER = com.osmncn.NewsShareAppTests;
				PRODUCT_NAME = "$(TARGET_NAME)";
				SWIFT_EMIT_LOC_STRINGS = NO;
				SWIFT_VERSION = 5.0;
				TARGETED_DEVICE_FAMILY = "1,2";
				TEST_HOST = "$(BUILT_PRODUCTS_DIR)/NewsShareApp.app/$(BUNDLE_EXECUTABLE_FOLDER_PATH)/NewsShareApp";
			};
			name = Debug;
		};
		CDB550552B6AB53100B2D688 /* Release */ = {
			isa = XCBuildConfiguration;
			buildSettings = {
				ALWAYS_EMBED_SWIFT_STANDARD_LIBRARIES = YES;
				BUNDLE_LOADER = "$(TEST_HOST)";
				CODE_SIGN_STYLE = Automatic;
				CURRENT_PROJECT_VERSION = 1;
				DEVELOPMENT_TEAM = JZ74XGGJ4P;
				GENERATE_INFOPLIST_FILE = YES;
				IPHONEOS_DEPLOYMENT_TARGET = 17.0;
				MARKETING_VERSION = 1.0;
				PRODUCT_BUNDLE_IDENTIFIER = com.osmncn.NewsShareAppTests;
				PRODUCT_NAME = "$(TARGET_NAME)";
				SWIFT_EMIT_LOC_STRINGS = NO;
				SWIFT_VERSION = 5.0;
				TARGETED_DEVICE_FAMILY = "1,2";
				TEST_HOST = "$(BUILT_PRODUCTS_DIR)/NewsShareApp.app/$(BUNDLE_EXECUTABLE_FOLDER_PATH)/NewsShareApp";
			};
			name = Release;
		};
		CDB550572B6AB53100B2D688 /* Debug */ = {
			isa = XCBuildConfiguration;
			buildSettings = {
				ALWAYS_EMBED_SWIFT_STANDARD_LIBRARIES = YES;
				CODE_SIGN_STYLE = Automatic;
				CURRENT_PROJECT_VERSION = 1;
				DEVELOPMENT_TEAM = JZ74XGGJ4P;
				GENERATE_INFOPLIST_FILE = YES;
				MARKETING_VERSION = 1.0;
				PRODUCT_BUNDLE_IDENTIFIER = com.osmncn.NewsShareAppUITests;
				PRODUCT_NAME = "$(TARGET_NAME)";
				SWIFT_EMIT_LOC_STRINGS = NO;
				SWIFT_VERSION = 5.0;
				TARGETED_DEVICE_FAMILY = "1,2";
				TEST_TARGET_NAME = NewsShareApp;
			};
			name = Debug;
		};
		CDB550582B6AB53100B2D688 /* Release */ = {
			isa = XCBuildConfiguration;
			buildSettings = {
				ALWAYS_EMBED_SWIFT_STANDARD_LIBRARIES = YES;
				CODE_SIGN_STYLE = Automatic;
				CURRENT_PROJECT_VERSION = 1;
				DEVELOPMENT_TEAM = JZ74XGGJ4P;
				GENERATE_INFOPLIST_FILE = YES;
				MARKETING_VERSION = 1.0;
				PRODUCT_BUNDLE_IDENTIFIER = com.osmncn.NewsShareAppUITests;
				PRODUCT_NAME = "$(TARGET_NAME)";
				SWIFT_EMIT_LOC_STRINGS = NO;
				SWIFT_VERSION = 5.0;
				TARGETED_DEVICE_FAMILY = "1,2";
				TEST_TARGET_NAME = NewsShareApp;
			};
			name = Release;
		};
/* End XCBuildConfiguration section */

/* Begin XCConfigurationList section */
		CDB550212B6AB53000B2D688 /* Build configuration list for PBXProject "NewsShareApp" */ = {
			isa = XCConfigurationList;
			buildConfigurations = (
				CDB5504E2B6AB53100B2D688 /* Debug */,
				CDB5504F2B6AB53100B2D688 /* Release */,
			);
			defaultConfigurationIsVisible = 0;
			defaultConfigurationName = Release;
		};
		CDB550502B6AB53100B2D688 /* Build configuration list for PBXNativeTarget "NewsShareApp" */ = {
			isa = XCConfigurationList;
			buildConfigurations = (
				CDB550512B6AB53100B2D688 /* Debug */,
				CDB550522B6AB53100B2D688 /* Release */,
			);
			defaultConfigurationIsVisible = 0;
			defaultConfigurationName = Release;
		};
		CDB550532B6AB53100B2D688 /* Build configuration list for PBXNativeTarget "NewsShareAppTests" */ = {
			isa = XCConfigurationList;
			buildConfigurations = (
				CDB550542B6AB53100B2D688 /* Debug */,
				CDB550552B6AB53100B2D688 /* Release */,
			);
			defaultConfigurationIsVisible = 0;
			defaultConfigurationName = Release;
		};
		CDB550562B6AB53100B2D688 /* Build configuration list for PBXNativeTarget "NewsShareAppUITests" */ = {
			isa = XCConfigurationList;
			buildConfigurations = (
				CDB550572B6AB53100B2D688 /* Debug */,
				CDB550582B6AB53100B2D688 /* Release */,
			);
			defaultConfigurationIsVisible = 0;
			defaultConfigurationName = Release;
		};
/* End XCConfigurationList section */
	};
	rootObject = CDB5501E2B6AB53000B2D688 /* Project object */;
}
